{
  "requires": true,
  "lockfileVersion": 1,
  "dependencies": {
    "ex02": {
      "version": "1.0.0",
      "resolved": "https://registry.npmjs.org/ex02/-/ex02-1.0.0.tgz",
      "integrity": "sha512-O1rFWSxI+rSUf1k4ksBnF6UzHnFrT/LtCLK98u3Ac1k8AY07QRCmj6EgZFj/mT/sNRyieA273zGh/ulIV9jbzw==",
      "dev": true
    }
  }
}
